
Microsoft Visual Studio Solution File, Format Version 12.00
# Visual Studio Version 17
VisualStudioVersion = 17.0.32014.148
MinimumVisualStudioVersion = 10.0.40219.1
Project("{2150E333-8FDC-42A3-9474-1A3956D46DE8}") = "src", "src", "{E88FF05B-14C8-437C-8322-61379BE60CCE}"
EndProject
Project("{9A19103F-16F7-4668-BE54-9A1E7A4F7556}") = "TodoApp.App", "vertical-slice\src\TodoApp.App\TodoApp.App.csproj", "{D33B4B79-31D8-44A3-A6AD-DB7DE0835DA4}"
EndProject
Project("{9A19103F-16F7-4668-BE54-9A1E7A4F7556}") = "TodoApp.Host", "vertical-slice\src\TodoApp.Host\TodoApp.Host.csproj", "{CAFB4053-B80C-4A5E-85DA-03DFE4FCD124}"
EndProject
Project("{2150E333-8FDC-42A3-9474-1A3956D46DE8}") = "tests", "tests", "{FCAB80E7-AA8D-49C8-82B4-B9863F337713}"
EndProject
Project("{9A19103F-16F7-4668-BE54-9A1E7A4F7556}") = "FunctionalTests", "vertical-slice\tests\FunctionalTests\FunctionalTests.csproj", "{19E96B6C-40A0-48DF-9F77-91EA7B453420}"
EndProject
Project("{2150E333-8FDC-42A3-9474-1A3956D46DE8}") = "vertical-slice", "vertical-slice", "{F814B734-9F39-4E3C-B6A2-8280D62E6801}"
EndProject
Project("{2150E333-8FDC-42A3-9474-1A3956D46DE8}") = "traditional", "traditional", "{C74D0DAF-4E1C-4A0C-97E9-79BEA8ECE983}"
EndProject
Project("{2150E333-8FDC-42A3-9474-1A3956D46DE8}") = "src", "src", "{35EE3B93-F9E4-49A6-896A-50E00BF3EF6F}"
EndProject
Project("{FAE04EC0-301F-11D3-BF4B-00C04F79EFBC}") = "TodoApp.Host", "traditional\TodoApp.Api\TodoApp.Host.csproj", "{123FCACD-2FFD-4829-88E6-70A43ACB8AD8}"
EndProject
Project("{FAE04EC0-301F-11D3-BF4B-00C04F79EFBC}") = "TodoApp.App", "traditional\TodoApp.App\TodoApp.App.csproj", "{0E52705B-2BD9-4B90-8300-D0F8CF00012F}"
EndProject
Project("{2150E333-8FDC-42A3-9474-1A3956D46DE8}") = "tests", "tests", "{F59FA573-A96F-4654-AE80-0174EB927887}"
EndProject
Project("{FAE04EC0-301F-11D3-BF4B-00C04F79EFBC}") = "UnitTests", "traditional\UnitTests\UnitTests.csproj", "{77297ED1-AF8D-4C32-A495-16012A368A2A}"
EndProject
Project("{FAE04EC0-301F-11D3-BF4B-00C04F79EFBC}") = "UnitTests", "vertical-slice\tests\UnitTests\UnitTests.csproj", "{5ED0567B-10E2-430A-9B0C-5F61F45E9B48}"
EndProject
Global
	GlobalSection(SolutionConfigurationPlatforms) = preSolution
		Debug|Any CPU = Debug|Any CPU
		Release|Any CPU = Release|Any CPU
	EndGlobalSection
	GlobalSection(ProjectConfigurationPlatforms) = postSolution
		{D33B4B79-31D8-44A3-A6AD-DB7DE0835DA4}.Debug|Any CPU.ActiveCfg = Debug|Any CPU
		{D33B4B79-31D8-44A3-A6AD-DB7DE0835DA4}.Debug|Any CPU.Build.0 = Debug|Any CPU
		{D33B4B79-31D8-44A3-A6AD-DB7DE0835DA4}.Release|Any CPU.ActiveCfg = Release|Any CPU
		{D33B4B79-31D8-44A3-A6AD-DB7DE0835DA4}.Release|Any CPU.Build.0 = Release|Any CPU
		{CAFB4053-B80C-4A5E-85DA-03DFE4FCD124}.Debug|Any CPU.ActiveCfg = Debug|Any CPU
		{CAFB4053-B80C-4A5E-85DA-03DFE4FCD124}.Debug|Any CPU.Build.0 = Debug|Any CPU
		{CAFB4053-B80C-4A5E-85DA-03DFE4FCD124}.Release|Any CPU.ActiveCfg = Release|Any CPU
		{CAFB4053-B80C-4A5E-85DA-03DFE4FCD124}.Release|Any CPU.Build.0 = Release|Any CPU
		{19E96B6C-40A0-48DF-9F77-91EA7B453420}.Debug|Any CPU.ActiveCfg = Debug|Any CPU
		{19E96B6C-40A0-48DF-9F77-91EA7B453420}.Debug|Any CPU.Build.0 = Debug|Any CPU
		{19E96B6C-40A0-48DF-9F77-91EA7B453420}.Release|Any CPU.ActiveCfg = Release|Any CPU
		{19E96B6C-40A0-48DF-9F77-91EA7B453420}.Release|Any CPU.Build.0 = Release|Any CPU
		{123FCACD-2FFD-4829-88E6-70A43ACB8AD8}.Debug|Any CPU.ActiveCfg = Debug|Any CPU
		{123FCACD-2FFD-4829-88E6-70A43ACB8AD8}.Debug|Any CPU.Build.0 = Debug|Any CPU
		{123FCACD-2FFD-4829-88E6-70A43ACB8AD8}.Release|Any CPU.ActiveCfg = Release|Any CPU
		{123FCACD-2FFD-4829-88E6-70A43ACB8AD8}.Release|Any CPU.Build.0 = Release|Any CPU
		{0E52705B-2BD9-4B90-8300-D0F8CF00012F}.Debug|Any CPU.ActiveCfg = Debug|Any CPU
		{0E52705B-2BD9-4B90-8300-D0F8CF00012F}.Debug|Any CPU.Build.0 = Debug|Any CPU
		{0E52705B-2BD9-4B90-8300-D0F8CF00012F}.Release|Any CPU.ActiveCfg = Release|Any CPU
		{0E52705B-2BD9-4B90-8300-D0F8CF00012F}.Release|Any CPU.Build.0 = Release|Any CPU
		{77297ED1-AF8D-4C32-A495-16012A368A2A}.Debug|Any CPU.ActiveCfg = Debug|Any CPU
		{77297ED1-AF8D-4C32-A495-16012A368A2A}.Debug|Any CPU.Build.0 = Debug|Any CPU
		{77297ED1-AF8D-4C32-A495-16012A368A2A}.Release|Any CPU.ActiveCfg = Release|Any CPU
		{77297ED1-AF8D-4C32-A495-16012A368A2A}.Release|Any CPU.Build.0 = Release|Any CPU
		{5ED0567B-10E2-430A-9B0C-5F61F45E9B48}.Debug|Any CPU.ActiveCfg = Debug|Any CPU
		{5ED0567B-10E2-430A-9B0C-5F61F45E9B48}.Debug|Any CPU.Build.0 = Debug|Any CPU
		{5ED0567B-10E2-430A-9B0C-5F61F45E9B48}.Release|Any CPU.ActiveCfg = Release|Any CPU
		{5ED0567B-10E2-430A-9B0C-5F61F45E9B48}.Release|Any CPU.Build.0 = Release|Any CPU
	EndGlobalSection
	GlobalSection(SolutionProperties) = preSolution
		HideSolutionNode = FALSE
	EndGlobalSection
	GlobalSection(NestedProjects) = preSolution
		{D33B4B79-31D8-44A3-A6AD-DB7DE0835DA4} = {E88FF05B-14C8-437C-8322-61379BE60CCE}
		{CAFB4053-B80C-4A5E-85DA-03DFE4FCD124} = {E88FF05B-14C8-437C-8322-61379BE60CCE}
		{19E96B6C-40A0-48DF-9F77-91EA7B453420} = {FCAB80E7-AA8D-49C8-82B4-B9863F337713}
		{E88FF05B-14C8-437C-8322-61379BE60CCE} = {F814B734-9F39-4E3C-B6A2-8280D62E6801}
		{FCAB80E7-AA8D-49C8-82B4-B9863F337713} = {F814B734-9F39-4E3C-B6A2-8280D62E6801}
		{35EE3B93-F9E4-49A6-896A-50E00BF3EF6F} = {C74D0DAF-4E1C-4A0C-97E9-79BEA8ECE983}
		{123FCACD-2FFD-4829-88E6-70A43ACB8AD8} = {35EE3B93-F9E4-49A6-896A-50E00BF3EF6F}
		{0E52705B-2BD9-4B90-8300-D0F8CF00012F} = {35EE3B93-F9E4-49A6-896A-50E00BF3EF6F}
		{F59FA573-A96F-4654-AE80-0174EB927887} = {C74D0DAF-4E1C-4A0C-97E9-79BEA8ECE983}
		{77297ED1-AF8D-4C32-A495-16012A368A2A} = {F59FA573-A96F-4654-AE80-0174EB927887}
		{5ED0567B-10E2-430A-9B0C-5F61F45E9B48} = {FCAB80E7-AA8D-49C8-82B4-B9863F337713}
	EndGlobalSection
	GlobalSection(ExtensibilityGlobals) = postSolution
		SolutionGuid = {81394C79-BA91-40CF-ADDC-88D8B9FCE66B}
	EndGlobalSection
EndGlobal
